
Microsoft Visual Studio Solution File, Format Version 12.00
# Visual Studio Version 17
VisualStudioVersion = 17.11.35312.102
MinimumVisualStudioVersion = 10.0.40219.1
Project("{FAE04EC0-301F-11D3-BF4B-00C04F79EFBC}") = "WebAPI", "WebAPI\WebAPI.csproj", "{574311EE-655A-466D-809A-0B6BDA603869}"
EndProject
Project("{FAE04EC0-301F-11D3-BF4B-00C04F79EFBC}") = "Blazor", "Blazor\Blazor.csproj", "{62AC9966-0556-46EB-9593-664045992CE0}"
EndProject
Project("{E53339B2-1760-4266-BCC7-CA923CBCF16C}") = "docker-compose", "docker-compose.dcproj", "{6F4B30BC-234F-49C5-AC47-DB30D10D72B7}"
EndProject
Global
	GlobalSection(SolutionConfigurationPlatforms) = preSolution
		Debug|Any CPU = Debug|Any CPU
		Release|Any CPU = Release|Any CPU
	EndGlobalSection
	GlobalSection(ProjectConfigurationPlatforms) = postSolution
		{574311EE-655A-466D-809A-0B6BDA603869}.Debug|Any CPU.ActiveCfg = Debug|Any CPU
		{574311EE-655A-466D-809A-0B6BDA603869}.Debug|Any CPU.Build.0 = Debug|Any CPU
		{574311EE-655A-466D-809A-0B6BDA603869}.Release|Any CPU.ActiveCfg = Release|Any CPU
		{574311EE-655A-466D-809A-0B6BDA603869}.Release|Any CPU.Build.0 = Release|Any CPU
		{62AC9966-0556-46EB-9593-664045992CE0}.Debug|Any CPU.ActiveCfg = Debug|Any CPU
		{62AC9966-0556-46EB-9593-664045992CE0}.Debug|Any CPU.Build.0 = Debug|Any CPU
		{62AC9966-0556-46EB-9593-664045992CE0}.Release|Any CPU.ActiveCfg = Release|Any CPU
		{62AC9966-0556-46EB-9593-664045992CE0}.Release|Any CPU.Build.0 = Release|Any CPU
		{6F4B30BC-234F-49C5-AC47-DB30D10D72B7}.Debug|Any CPU.ActiveCfg = Debug|Any CPU
		{6F4B30BC-234F-49C5-AC47-DB30D10D72B7}.Debug|Any CPU.Build.0 = Debug|Any CPU
		{6F4B30BC-234F-49C5-AC47-DB30D10D72B7}.Release|Any CPU.ActiveCfg = Release|Any CPU
		{6F4B30BC-234F-49C5-AC47-DB30D10D72B7}.Release|Any CPU.Build.0 = Release|Any CPU
	EndGlobalSection
	GlobalSection(SolutionProperties) = preSolution
		HideSolutionNode = FALSE
	EndGlobalSection
	GlobalSection(ExtensibilityGlobals) = postSolution
		SolutionGuid = {6F11A09C-9BAF-4015-A91F-BE75821F5487}
	EndGlobalSection
EndGlobal
